github.com/jakehl/goid v1.1.0 h1:c08GO8z16wWJtfQhyiD8BQRFkpf1oDxaPmA+uYAG+50=
github.com/jakehl/goid v1.1.0/go.mod h1:V6bQh+tr2Oay5WHL0jmTTJWrABYIO+cs4/P6e1prV1o=
github.com/twharmon/gouid v0.3.0 h1:IQ6Zx0ozy2PCNdPNZ/PLjN+Z6BFPUbELq0/SL0sxCJE=
github.com/twharmon/gouid v0.3.0/go.mod h1:Ruorlc0y7P3Dy3IwLks8m6Rt96O+inLQO3El93ShqdU=
